
Microsoft Visual Studio Solution File, Format Version 12.00
Project("{2150E333-8FDC-42A3-9474-1A3956D46DE8}") = "src", "src", "{8FE7E6CD-DF84-443F-B8C8-16B7C75E96A0}"
EndProject
Project("{2150E333-8FDC-42A3-9474-1A3956D46DE8}") = "Services", "Services", "{328F09B1-B1AB-43D9-AB42-E98073D5C4A2}"
EndProject
Project("{2150E333-8FDC-42A3-9474-1A3956D46DE8}") = "frontend", "frontend", "{58E8C02E-9C70-413F-947B-5D7AC9E68E35}"
EndProject
Project("{2150E333-8FDC-42A3-9474-1A3956D46DE8}") = "Solution Items", "Solution Items", "{86138D97-AD0F-4271-9EED-992C71337A29}"
	ProjectSection(SolutionItems) = preProject
		docker-compose.yml = docker-compose.yml
	EndProjectSection
EndProject
Project("{FAE04EC0-301F-11D3-BF4B-00C04F79EFBC}") = "MessageService", "src\Services\MessageService\MessageService.csproj", "{36F3EDC1-EE9C-44B1-89B1-653911C4A39F}"
EndProject
Project("{FAE04EC0-301F-11D3-BF4B-00C04F79EFBC}") = "IdentityService", "src\Services\IdentityService\IdentityService.csproj", "{9AF8F419-B775-441E-9CD6-FF831444845D}"
EndProject
Project("{FAE04EC0-301F-11D3-BF4B-00C04F79EFBC}") = "RelationshipService", "src\Services\RelationshipService\RelationshipService.csproj", "{BD1308A6-DCEA-4375-83BD-EBF6D6591D2E}"
EndProject
Project("{FAE04EC0-301F-11D3-BF4B-00C04F79EFBC}") = "UserProfile", "src\Services\UserProfile\UserProfile.csproj", "{3DDD938B-883F-46FB-B45F-A4006B293387}"
EndProject
Project("{FAE04EC0-301F-11D3-BF4B-00C04F79EFBC}") = "Shared", "src\Services\Shared\Shared.csproj", "{D8D6F5BB-995C-440E-85AD-AFB919682887}"
EndProject
Project("{2150E333-8FDC-42A3-9474-1A3956D46DE8}") = "Tests", "Tests", "{809C38A4-0AC1-4973-8EDF-014AFE16363D}"
EndProject
Project("{2150E333-8FDC-42A3-9474-1A3956D46DE8}") = "Gateways", "Gateways", "{CCC18100-3292-48E8-A94D-7D08F9D65DD8}"
EndProject
Project("{FAE04EC0-301F-11D3-BF4B-00C04F79EFBC}") = "WebGateway", "src\WebGateway\WebGateway.csproj", "{B2550CC1-ACE7-4CD7-8BB2-9580350740B7}"
EndProject
Global
	GlobalSection(SolutionConfigurationPlatforms) = preSolution
		Debug|Any CPU = Debug|Any CPU
		Release|Any CPU = Release|Any CPU
	EndGlobalSection
	GlobalSection(NestedProjects) = preSolution
		{328F09B1-B1AB-43D9-AB42-E98073D5C4A2} = {8FE7E6CD-DF84-443F-B8C8-16B7C75E96A0}
		{58E8C02E-9C70-413F-947B-5D7AC9E68E35} = {8FE7E6CD-DF84-443F-B8C8-16B7C75E96A0}
		{36F3EDC1-EE9C-44B1-89B1-653911C4A39F} = {328F09B1-B1AB-43D9-AB42-E98073D5C4A2}
		{9AF8F419-B775-441E-9CD6-FF831444845D} = {328F09B1-B1AB-43D9-AB42-E98073D5C4A2}
		{BD1308A6-DCEA-4375-83BD-EBF6D6591D2E} = {328F09B1-B1AB-43D9-AB42-E98073D5C4A2}
		{3DDD938B-883F-46FB-B45F-A4006B293387} = {328F09B1-B1AB-43D9-AB42-E98073D5C4A2}
		{D8D6F5BB-995C-440E-85AD-AFB919682887} = {328F09B1-B1AB-43D9-AB42-E98073D5C4A2}
		{809C38A4-0AC1-4973-8EDF-014AFE16363D} = {328F09B1-B1AB-43D9-AB42-E98073D5C4A2}
		{CCC18100-3292-48E8-A94D-7D08F9D65DD8} = {8FE7E6CD-DF84-443F-B8C8-16B7C75E96A0}
		{B2550CC1-ACE7-4CD7-8BB2-9580350740B7} = {CCC18100-3292-48E8-A94D-7D08F9D65DD8}
	EndGlobalSection
	GlobalSection(ProjectConfigurationPlatforms) = postSolution
		{36F3EDC1-EE9C-44B1-89B1-653911C4A39F}.Debug|Any CPU.ActiveCfg = Debug|Any CPU
		{36F3EDC1-EE9C-44B1-89B1-653911C4A39F}.Debug|Any CPU.Build.0 = Debug|Any CPU
		{36F3EDC1-EE9C-44B1-89B1-653911C4A39F}.Release|Any CPU.ActiveCfg = Release|Any CPU
		{36F3EDC1-EE9C-44B1-89B1-653911C4A39F}.Release|Any CPU.Build.0 = Release|Any CPU
		{9AF8F419-B775-441E-9CD6-FF831444845D}.Debug|Any CPU.ActiveCfg = Debug|Any CPU
		{9AF8F419-B775-441E-9CD6-FF831444845D}.Debug|Any CPU.Build.0 = Debug|Any CPU
		{9AF8F419-B775-441E-9CD6-FF831444845D}.Release|Any CPU.ActiveCfg = Release|Any CPU
		{9AF8F419-B775-441E-9CD6-FF831444845D}.Release|Any CPU.Build.0 = Release|Any CPU
		{BD1308A6-DCEA-4375-83BD-EBF6D6591D2E}.Debug|Any CPU.ActiveCfg = Debug|Any CPU
		{BD1308A6-DCEA-4375-83BD-EBF6D6591D2E}.Debug|Any CPU.Build.0 = Debug|Any CPU
		{BD1308A6-DCEA-4375-83BD-EBF6D6591D2E}.Release|Any CPU.ActiveCfg = Release|Any CPU
		{BD1308A6-DCEA-4375-83BD-EBF6D6591D2E}.Release|Any CPU.Build.0 = Release|Any CPU
		{3DDD938B-883F-46FB-B45F-A4006B293387}.Debug|Any CPU.ActiveCfg = Debug|Any CPU
		{3DDD938B-883F-46FB-B45F-A4006B293387}.Debug|Any CPU.Build.0 = Debug|Any CPU
		{3DDD938B-883F-46FB-B45F-A4006B293387}.Release|Any CPU.ActiveCfg = Release|Any CPU
		{3DDD938B-883F-46FB-B45F-A4006B293387}.Release|Any CPU.Build.0 = Release|Any CPU
		{D8D6F5BB-995C-440E-85AD-AFB919682887}.Debug|Any CPU.ActiveCfg = Debug|Any CPU
		{D8D6F5BB-995C-440E-85AD-AFB919682887}.Debug|Any CPU.Build.0 = Debug|Any CPU
		{D8D6F5BB-995C-440E-85AD-AFB919682887}.Release|Any CPU.ActiveCfg = Release|Any CPU
		{D8D6F5BB-995C-440E-85AD-AFB919682887}.Release|Any CPU.Build.0 = Release|Any CPU
		{B2550CC1-ACE7-4CD7-8BB2-9580350740B7}.Debug|Any CPU.ActiveCfg = Debug|Any CPU
		{B2550CC1-ACE7-4CD7-8BB2-9580350740B7}.Debug|Any CPU.Build.0 = Debug|Any CPU
		{B2550CC1-ACE7-4CD7-8BB2-9580350740B7}.Release|Any CPU.ActiveCfg = Release|Any CPU
		{B2550CC1-ACE7-4CD7-8BB2-9580350740B7}.Release|Any CPU.Build.0 = Release|Any CPU
	EndGlobalSection
EndGlobal
